<?xml version="1.0" encoding="utf-8"?>
<Project ToolsVersion="4.0" xmlns="http://schemas.microsoft.com/developer/msbuild/2003">
  <ItemGroup>
    <Filter Include="Source Files">
      <UniqueIdentifier>{4FC737F1-C7A5-4376-A066-2A32D752A2FF}</UniqueIdentifier>
      <Extensions>cpp;c;cc;cxx;c++;cppm;ixx;def;odl;idl;hpj;bat;asm;asmx</Extensions>
    </Filter>
    <Filter Include="Header Files">
      <UniqueIdentifier>{93995380-89BD-4b04-88EB-625FBE52EBFB}</UniqueIdentifier>
      <Extensions>h;hh;hpp;hxx;h++;hm;inl;inc;ipp;xsd</Extensions>
    </Filter>
    <Filter Include="Resource Files">
      <UniqueIdentifier>{67DA6AB6-F800-4c08-8B7A-83BB121AAD01}</UniqueIdentifier>
      <Extensions>rc;ico;cur;bmp;dlg;rc2;rct;bin;rgs;gif;jpg;jpeg;jpe;resx;tiff;tif;png;wav;mfcribbon-ms</Extensions>
    </Filter>
    <Filter Include="Resource Files\Shaders">
      <UniqueIdentifier>{268c7d60-911e-4e05-a53a-e76e5b3dfc0f}</UniqueIdentifier>
    </Filter>
    <Filter Include="Header Files\GL_H">
      <UniqueIdentifier>{18e1465d-a22a-433b-992c-1b9b4e4a5031}</UniqueIdentifier>
    </Filter>
    <Filter Include="Source Files\GL_CPP">
      <UniqueIdentifier>{76fddc8f-262e-46c2-a953-d823c7baf946}</UniqueIdentifier>
    </Filter>
    <Filter Include="Header Files\OBJ_H">
      <UniqueIdentifier>{9f39ed2c-7aaa-45da-9424-e306232707a4}</UniqueIdentifier>
    </Filter>
  </ItemGroup>
  <ItemGroup>
    <ClCompile Include="glad.c">
      <Filter>Source Files</Filter>
    </ClCompile>
    <ClCompile Include="Main.cpp">
      <Filter>Source Files</Filter>
    </ClCompile>
    <ClCompile Include="EBO.cpp">
      <Filter>Source Files\GL_CPP</Filter>
    </ClCompile>
    <ClCompile Include="shaderClass.cpp">
      <Filter>Source Files\GL_CPP</Filter>
    </ClCompile>
    <ClCompile Include="VBO.cpp">
      <Filter>Source Files\GL_CPP</Filter>
    </ClCompile>
    <ClCompile Include="VAO.cpp">
      <Filter>Source Files\GL_CPP</Filter>
    </ClCompile>
    <ClCompile Include="GeometryLoader.cpp">
      <Filter>Source Files</Filter>
    </ClCompile>
    <ClCompile Include="Camera.cpp">
      <Filter>Source Files</Filter>
    </ClCompile>
    <ClCompile Include="Engine3D.cpp">
      <Filter>Source Files</Filter>
    </ClCompile>
    <ClCompile Include="Texture.cpp">
      <Filter>Source Files</Filter>
    </ClCompile>
    <ClCompile Include="GeometryBasics.cpp">
      <Filter>Source Files</Filter>
    </ClCompile>
    <ClCompile Include="GeometryOrganizer.cpp">
      <Filter>Source Files</Filter>
    </ClCompile>
  </ItemGroup>
  <ItemGroup>
    <None Include="default.vert">
      <Filter>Resource Files\Shaders</Filter>
    </None>
    <None Include="default.frag">
      <Filter>Resource Files\Shaders</Filter>
    </None>
    <None Include="instance.vert">
      <Filter>Resource Files\Shaders</Filter>
    </None>
    <None Include="instance.frag">
      <Filter>Resource Files\Shaders</Filter>
    </None>
  </ItemGroup>
  <ItemGroup>
    <ClInclude Include="EBO.h">
      <Filter>Header Files\GL_H</Filter>
    </ClInclude>
    <ClInclude Include="shaderClass.h">
      <Filter>Header Files\GL_H</Filter>
    </ClInclude>
    <ClInclude Include="VAO.h">
      <Filter>Header Files\GL_H</Filter>
    </ClInclude>
    <ClInclude Include="VBO.h">
      <Filter>Header Files\GL_H</Filter>
    </ClInclude>
    <ClInclude Include="GeometryLoader.h">
      <Filter>Header Files\OBJ_H</Filter>
    </ClInclude>
    <ClInclude Include="Camera.h">
      <Filter>Header Files\OBJ_H</Filter>
    </ClInclude>
    <ClInclude Include="Engine3D.h">
      <Filter>Header Files</Filter>
    </ClInclude>
    <ClInclude Include="stl_reader.h">
      <Filter>Header Files</Filter>
    </ClInclude>
    <ClInclude Include="Texture.h">
      <Filter>Header Files\OBJ_H</Filter>
    </ClInclude>
    <ClInclude Include="precompile.h">
      <Filter>Header Files</Filter>
    </ClInclude>
    <ClInclude Include="GeometryBasics.h">
      <Filter>Header Files\OBJ_H</Filter>
    </ClInclude>
    <ClInclude Include="MultiArray.h">
      <Filter>Header Files\OBJ_H</Filter>
    </ClInclude>
    <ClInclude Include="GeometryOrganizer.h">
      <Filter>Header Files\OBJ_H</Filter>
    </ClInclude>
  </ItemGroup>
</Project>